<?xml version="1.0" encoding="utf-8"?>
<Project ToolsVersion="4.0" xmlns="http://schemas.microsoft.com/developer/msbuild/2003">
  <ItemGroup>
    <Filter Include="Source Files">
      <UniqueIdentifier>{4FC737F1-C7A5-4376-A066-2A32D752A2FF}</UniqueIdentifier>
      <Extensions>cpp;c;cc;cxx;def;odl;idl;hpj;bat;asm;asmx</Extensions>
    </Filter>
    <Filter Include="Header Files">
      <UniqueIdentifier>{93995380-89BD-4b04-88EB-625FBE52EBFB}</UniqueIdentifier>
      <Extensions>h;hh;hpp;hxx;hm;inl;inc;xsd</Extensions>
    </Filter>
    <Filter Include="Resource Files">
      <UniqueIdentifier>{67DA6AB6-F800-4c08-8B7A-83BB121AAD01}</UniqueIdentifier>
      <Extensions>rc;ico;cur;bmp;dlg;rc2;rct;bin;rgs;gif;jpg;jpeg;jpe;resx;tiff;tif;png;wav;mfcribbon-ms</Extensions>
    </Filter>
    <Filter Include="Source Files\Shaders">
      <UniqueIdentifier>{c23679cc-511c-489e-8b8f-eb5661095f16}</UniqueIdentifier>
    </Filter>
    <Filter Include="Resource Files\Models and materials">
      <UniqueIdentifier>{6fc258b0-1355-4bb5-9143-f09ac7311ae7}</UniqueIdentifier>
    </Filter>
    <Filter Include="Resource Files\Textures">
      <UniqueIdentifier>{2b165103-11b6-4218-a235-2e853af89e83}</UniqueIdentifier>
    </Filter>
    <Filter Include="Source Files\AudioEngine">
      <UniqueIdentifier>{5a88928f-c07a-48c2-8f42-90169119244a}</UniqueIdentifier>
    </Filter>
    <Filter Include="Header Files\AudioEngine">
      <UniqueIdentifier>{b323b05c-f32a-45af-bde8-19e022bc37ce}</UniqueIdentifier>
    </Filter>
    <Filter Include="Resource Files\Sounds">
      <UniqueIdentifier>{8cc807d6-0677-48e5-9a82-f5ff56a962fa}</UniqueIdentifier>
    </Filter>
    <Filter Include="Header Files\XAudio2Engine">
      <UniqueIdentifier>{1670673c-1c2a-4d6a-9260-26cdcf21bee7}</UniqueIdentifier>
    </Filter>
    <Filter Include="Source Files\XAudio2Engine">
      <UniqueIdentifier>{9e04f4f3-a716-42ee-ad36-43d0aaf19bf8}</UniqueIdentifier>
    </Filter>
  </ItemGroup>
  <ItemGroup>
    <ClCompile Include="main.cpp">
      <Filter>Source Files</Filter>
    </ClCompile>
    <ClCompile Include="Engine.cpp">
      <Filter>Source Files</Filter>
    </ClCompile>
    <ClCompile Include="LightHandler.cpp">
      <Filter>Source Files</Filter>
    </ClCompile>
    <ClCompile Include="CameraHandler.cpp">
      <Filter>Source Files</Filter>
    </ClCompile>
    <ClCompile Include="ObjectHandler.cpp">
      <Filter>Source Files</Filter>
    </ClCompile>
    <ClCompile Include="TimeHandler.cpp">
      <Filter>Source Files</Filter>
    </ClCompile>
    <ClCompile Include="QuadtreeHandler.cpp">
      <Filter>Source Files</Filter>
    </ClCompile>
    <ClCompile Include="FrustumHandler.cpp">
      <Filter>Source Files</Filter>
    </ClCompile>
    <ClCompile Include="ShaderHandler.cpp">
      <Filter>Source Files</Filter>
    </ClCompile>
    <ClCompile Include="pch.cpp">
      <Filter>Source Files</Filter>
    </ClCompile>
    <ClCompile Include="XAudio2Engine\AudioFileReader.cpp">
      <Filter>Source Files\XAudio2Engine</Filter>
    </ClCompile>
    <ClCompile Include="XAudio2Engine\OmnidirectionalSound.cpp">
      <Filter>Source Files\XAudio2Engine</Filter>
    </ClCompile>
    <ClCompile Include="XAudio2Engine\XA2AudioManager.cpp">
      <Filter>Source Files\XAudio2Engine</Filter>
    </ClCompile>
  </ItemGroup>
  <ItemGroup>
    <FxCompile Include="GBufferGeometry.hlsl">
      <Filter>Source Files\Shaders</Filter>
    </FxCompile>
    <FxCompile Include="GBufferVertex.hlsl">
      <Filter>Source Files\Shaders</Filter>
    </FxCompile>
    <FxCompile Include="ShadowVertex.hlsl">
      <Filter>Source Files\Shaders</Filter>
    </FxCompile>
    <FxCompile Include="FXAACompute.hlsl">
      <Filter>Source Files\Shaders</Filter>
    </FxCompile>
    <FxCompile Include="FullScreenTriangleVertex.hlsl">
      <Filter>Source Files\Shaders</Filter>
    </FxCompile>
    <FxCompile Include="GBufferPixel.hlsl">
      <Filter>Source Files\Shaders</Filter>
    </FxCompile>
    <FxCompile Include="ShadowPixel.hlsl">
      <Filter>Source Files\Shaders</Filter>
    </FxCompile>
    <FxCompile Include="LightPixel.hlsl">
      <Filter>Source Files\Shaders</Filter>
    </FxCompile>
    <FxCompile Include="ScreenPassPixel.hlsl">
      <Filter>Source Files\Shaders</Filter>
    </FxCompile>
  </ItemGroup>
  <ItemGroup>
    <ClInclude Include="Engine.hpp">
      <Filter>Header Files</Filter>
    </ClInclude>
    <ClInclude Include="GlobalResources.hpp">
      <Filter>Header Files</Filter>
    </ClInclude>
    <ClInclude Include="LightHandler.hpp">
      <Filter>Header Files</Filter>
    </ClInclude>
    <ClInclude Include="CameraHandler.hpp">
      <Filter>Header Files</Filter>
    </ClInclude>
    <ClInclude Include="ObjectHandler.hpp">
      <Filter>Header Files</Filter>
    </ClInclude>
    <ClInclude Include="TimeHandler.hpp">
      <Filter>Header Files</Filter>
    </ClInclude>
    <ClInclude Include="QuadtreeHandler.hpp">
      <Filter>Header Files</Filter>
    </ClInclude>
    <ClInclude Include="FrustumHandler.hpp">
      <Filter>Header Files</Filter>
    </ClInclude>
    <ClInclude Include="ShaderHandler.hpp">
      <Filter>Header Files</Filter>
    </ClInclude>
    <ClInclude Include="GlobalSettings.hpp">
      <Filter>Header Files</Filter>
    </ClInclude>
    <ClInclude Include="AudioEngine\AudioManager.hpp">
      <Filter>Header Files\AudioEngine</Filter>
    </ClInclude>
    <ClInclude Include="AudioEngine\Channel.hpp">
      <Filter>Header Files\AudioEngine</Filter>
    </ClInclude>
    <ClInclude Include="AudioEngine\globals.hpp">
      <Filter>Header Files\AudioEngine</Filter>
    </ClInclude>
    <ClInclude Include="AudioEngine\Sound.hpp">
      <Filter>Header Files\AudioEngine</Filter>
    </ClInclude>
    <ClInclude Include="pch.h">
      <Filter>Header Files</Filter>
    </ClInclude>
    <ClInclude Include="XAudio2Engine\XAudio2Helpers.h">
      <Filter>Header Files\XAudio2Engine</Filter>
    </ClInclude>
    <ClInclude Include="XAudio2Engine\AudioFileReader.h">
      <Filter>Header Files\XAudio2Engine</Filter>
    </ClInclude>
    <ClInclude Include="XAudio2Engine\XA2AudioManager.h">
      <Filter>Header Files\XAudio2Engine</Filter>
    </ClInclude>
    <ClInclude Include="XAudio2Engine\OmnidirectionalSound.h">
      <Filter>Header Files\XAudio2Engine</Filter>
    </ClInclude>
  </ItemGroup>
  <ItemGroup>
    <Image Include="gray-marble.dds">
      <Filter>Resource Files\Textures</Filter>
    </Image>
    <Image Include="marble.dds">
      <Filter>Resource Files\Textures</Filter>
    </Image>
    <Image Include="seamlessstone.dds">
      <Filter>Resource Files\Textures</Filter>
    </Image>
    <Image Include="heightmap.bmp">
      <Filter>Resource Files\Textures</Filter>
    </Image>
    <Image Include="grass.dds">
      <Filter>Resource Files\Textures</Filter>
    </Image>
  </ItemGroup>
  <ItemGroup>
    <None Include="packages.config" />
    <None Include="materials.mtl">
      <Filter>Resource Files\Models and materials</Filter>
    </None>
  </ItemGroup>
  <ItemGroup>
    <Object Include="wt_teapot.obj">
      <Filter>Resource Files\Models and materials</Filter>
    </Object>
    <Object Include="cube.obj">
      <Filter>Resource Files\Models and materials</Filter>
    </Object>
  </ItemGroup>
  <ItemGroup>
    <Media Include="Sounds\1kHz.wav">
      <Filter>Resource Files\Sounds</Filter>
    </Media>
    <Media Include="Sounds\5-high-S.wav">
      <Filter>Resource Files\Sounds</Filter>
    </Media>
    <Media Include="Sounds\drums.wav">
      <Filter>Resource Files\Sounds</Filter>
    </Media>
    <Media Include="Sounds\guitar.wav">
      <Filter>Resource Files\Sounds</Filter>
    </Media>
    <Media Include="Sounds\Song_bird.wav">
      <Filter>Resource Files\Sounds</Filter>
    </Media>
    <Media Include="Sounds\whitenoise.wav">
      <Filter>Resource Files\Sounds</Filter>
    </Media>
    <Media Include="Sounds\Disco.wav">
      <Filter>Resource Files\Sounds</Filter>
    </Media>
    <Media Include="Sounds\high.wav">
      <Filter>Resource Files\Sounds</Filter>
    </Media>
    <Media Include="Sounds\MonoSound.wav">
      <Filter>Resource Files\Sounds</Filter>
    </Media>
  </ItemGroup>
</Project>